// !$*UTF8*$!
{
archiveVersion = 1;
classes = {};
objectVersion = 56;
objects = {
D9F7B166F0E8BF849550DD1E = { isa = PBXFileReference; lastKnownFileType = "sourcecode.swift"; path = "Aviator/App/AviatorApp.swift"; sourceTree = "<group>"; };
E4BDD62456CDA3BC0194A116 = { isa = PBXFileReference; lastKnownFileType = "sourcecode.swift"; path = "Aviator/Components/Design.swift"; sourceTree = "<group>"; };
3D2DB38DC27B314E2968F919 = { isa = PBXFileReference; lastKnownFileType = "sourcecode.swift"; path = "Aviator/Components/RouteCard.swift"; sourceTree = "<group>"; };
F23F3A3D0A0CD68927DB9402 = { isa = PBXFileReference; lastKnownFileType = "text.xcconfig"; path = "Aviator/Config/Debug.xcconfig"; sourceTree = "<group>"; };
1F585048FCA62E4BBE8B9BED = { isa = PBXFileReference; lastKnownFileType = "text.plist.xml"; path = "Aviator/Config/Info-Debug.plist"; sourceTree = "<group>"; };
1EFA0ED07B068FD20ED1DDC5 = { isa = PBXFileReference; lastKnownFileType = "text.plist.xml"; path = "Aviator/Config/Info-Release.plist"; sourceTree = "<group>"; };
EAA8A24AA6B925403183BBAD = { isa = PBXFileReference; lastKnownFileType = "text.xcconfig"; path = "Aviator/Config/Release.xcconfig"; sourceTree = "<group>"; };
58A377EABF943E046EDCAFDA = { isa = PBXFileReference; lastKnownFileType = "sourcecode.swift"; path = "Aviator/Models/Domain.swift"; sourceTree = "<group>"; };
06E0BBFDBA25F7E6050FC25F = { isa = PBXFileReference; lastKnownFileType = "sourcecode.swift"; path = "Aviator/Persistence/FavoritesStorage.swift"; sourceTree = "<group>"; };
69ABBF740446AF6158D991F0 = { isa = PBXFileReference; lastKnownFileType = "sourcecode.swift"; path = "Aviator/Persistence/FavoritesStore.swift"; sourceTree = "<group>"; };
DD0E34C525795EA55BE65038 = { isa = PBXFileReference; lastKnownFileType = "folder.assetcatalog"; path = "Aviator/Resources/Assets.xcassets"; sourceTree = "<group>"; };
DF905FA14CB35981923B50DC = { isa = PBXFileReference; lastKnownFileType = "text.json"; path = "Aviator/Resources/airports.json"; sourceTree = "<group>"; };
6BAC40000A6492482CA45468 = { isa = PBXFileReference; lastKnownFileType = "text"; path = "Aviator/Resources/credits.md"; sourceTree = "<group>"; };
B1B5E29F9BA6CFDF00EC5E88 = { isa = PBXFileReference; lastKnownFileType = "sourcecode.swift"; path = "Aviator/Services/Analytics.swift"; sourceTree = "<group>"; };
FF9CDA29955BE8763AA04731 = { isa = PBXFileReference; lastKnownFileType = "sourcecode.swift"; path = "Aviator/Services/LinkBuilder.swift"; sourceTree = "<group>"; };
EEC5E09ABF1F8241BE06CCD3 = { isa = PBXFileReference; lastKnownFileType = "sourcecode.swift"; path = "Aviator/Services/LiveSearchService.swift"; sourceTree = "<group>"; };
4AA19659E13D9C26C7A01BA1 = { isa = PBXFileReference; lastKnownFileType = "sourcecode.swift"; path = "Aviator/Services/SearchService.swift"; sourceTree = "<group>"; };
AB19078BD40C77909158C02B = { isa = PBXFileReference; lastKnownFileType = "sourcecode.swift"; path = "Aviator/Utilities/SearchRules.swift"; sourceTree = "<group>"; };
8352C280468F5F998ED213C4 = { isa = PBXFileReference; lastKnownFileType = "sourcecode.swift"; path = "Aviator/ViewModels/SearchViewModel.swift"; sourceTree = "<group>"; };
D8F44A004646984EC0F93052 = { isa = PBXFileReference; lastKnownFileType = "sourcecode.swift"; path = "Aviator/Views/DetailView.swift"; sourceTree = "<group>"; };
17699A5A98C9B1A18417E65B = { isa = PBXFileReference; lastKnownFileType = "sourcecode.swift"; path = "Aviator/Views/FavoritesView.swift"; sourceTree = "<group>"; };
8AF4656BE88FF9949EBFE5C9 = { isa = PBXFileReference; lastKnownFileType = "sourcecode.swift"; path = "Aviator/Views/HomeView.swift"; sourceTree = "<group>"; };
1BC9CA4F95249C3DD0F5B8F8 = { isa = PBXFileReference; lastKnownFileType = "sourcecode.swift"; path = "Aviator/Views/ResultsView.swift"; sourceTree = "<group>"; };
6165384AB41E15191E1EF753 = { isa = PBXFileReference; lastKnownFileType = "sourcecode.swift"; path = "AviatorTests/AviatorTests.swift"; sourceTree = "<group>"; };
AA3A8016E3AC6F107C5F6ED3 = { isa = PBXFileReference; lastKnownFileType = "sourcecode.swift"; path = "AviatorUITests/AviatorUITests.swift"; sourceTree = "<group>"; };
30C61BE3871346C60E6DDDAA = { isa = PBXFileReference; explicitFileType = "wrapper.application"; path = "Aviator.app"; sourceTree = "BUILT_PRODUCTS_DIR"; };
82985708577D2C758F31E2CA = { isa = PBXFileReference; explicitFileType = "wrapper.cfbundle"; path = "AviatorTests.xctest"; sourceTree = "BUILT_PRODUCTS_DIR"; };
F48E9200244A55EA347BEF24 = { isa = PBXFileReference; explicitFileType = "wrapper.cfbundle"; path = "AviatorUITests.xctest"; sourceTree = "BUILT_PRODUCTS_DIR"; };
1EE63A94BAD0DF0FCB0E7B8C = { isa = PBXGroup; children = ( 30C61BE3871346C60E6DDDAA, 82985708577D2C758F31E2CA, F48E9200244A55EA347BEF24 ); name = "Products"; sourceTree = "<group>"; };
325F10A6957A34D66CB8C0E4 = { isa = PBXGroup; children = ( D9F7B166F0E8BF849550DD1E, E4BDD62456CDA3BC0194A116, 3D2DB38DC27B314E2968F919, F23F3A3D0A0CD68927DB9402, 1F585048FCA62E4BBE8B9BED, 1EFA0ED07B068FD20ED1DDC5, EAA8A24AA6B925403183BBAD, 58A377EABF943E046EDCAFDA, 06E0BBFDBA25F7E6050FC25F, 69ABBF740446AF6158D991F0, DD0E34C525795EA55BE65038, DF905FA14CB35981923B50DC, 6BAC40000A6492482CA45468, B1B5E29F9BA6CFDF00EC5E88, FF9CDA29955BE8763AA04731, EEC5E09ABF1F8241BE06CCD3, 4AA19659E13D9C26C7A01BA1, AB19078BD40C77909158C02B, 8352C280468F5F998ED213C4, D8F44A004646984EC0F93052, 17699A5A98C9B1A18417E65B, 8AF4656BE88FF9949EBFE5C9, 1BC9CA4F95249C3DD0F5B8F8, 6165384AB41E15191E1EF753, AA3A8016E3AC6F107C5F6ED3, 1EE63A94BAD0DF0FCB0E7B8C ); sourceTree = "<group>"; };
216180381A96A9031CF8FE77 = { isa = PBXBuildFile; fileRef = D9F7B166F0E8BF849550DD1E; };
A669640334BCA5B37DAA452B = { isa = PBXBuildFile; fileRef = E4BDD62456CDA3BC0194A116; };
C82C4802000D34C80379C12B = { isa = PBXBuildFile; fileRef = 3D2DB38DC27B314E2968F919; };
7118A9E7A021CFBE71DA5C91 = { isa = PBXBuildFile; fileRef = 58A377EABF943E046EDCAFDA; };
7D3BAFA0198183FCA8959485 = { isa = PBXBuildFile; fileRef = 06E0BBFDBA25F7E6050FC25F; };
5015E9E7EF0C46103A3305F2 = { isa = PBXBuildFile; fileRef = 69ABBF740446AF6158D991F0; };
C01CAD1D4483D13089BB362D = { isa = PBXBuildFile; fileRef = DD0E34C525795EA55BE65038; };
18CF310102C96B6AAE8791CD = { isa = PBXBuildFile; fileRef = DF905FA14CB35981923B50DC; };
9A1B97A7333CF2153736D3C0 = { isa = PBXBuildFile; fileRef = 6BAC40000A6492482CA45468; };
3D10B114117C70CD81EE0F1B = { isa = PBXBuildFile; fileRef = B1B5E29F9BA6CFDF00EC5E88; };
DC46DD3CF19562C068885DD1 = { isa = PBXBuildFile; fileRef = FF9CDA29955BE8763AA04731; };
A94CB7B65775A895E348438E = { isa = PBXBuildFile; fileRef = EEC5E09ABF1F8241BE06CCD3; };
DD3DCEDD66D4D384CDAFEE87 = { isa = PBXBuildFile; fileRef = 4AA19659E13D9C26C7A01BA1; };
0EF6C88135A6362A6F6B631C = { isa = PBXBuildFile; fileRef = AB19078BD40C77909158C02B; };
C8FBC516BB70DEA5CD912739 = { isa = PBXBuildFile; fileRef = 8352C280468F5F998ED213C4; };
C24E294F792B041D5B03EA4F = { isa = PBXBuildFile; fileRef = D8F44A004646984EC0F93052; };
9B5250DF23141B7EAE7A13BE = { isa = PBXBuildFile; fileRef = 17699A5A98C9B1A18417E65B; };
1F7CEA94A04EA89EA078DAEB = { isa = PBXBuildFile; fileRef = 8AF4656BE88FF9949EBFE5C9; };
4AA622504414C7DC83BBE04B = { isa = PBXBuildFile; fileRef = 1BC9CA4F95249C3DD0F5B8F8; };
0CF6B3C75E2B1F4ABA6D3B79 = { isa = PBXSourcesBuildPhase; buildActionMask = 2147483647; files = ( 216180381A96A9031CF8FE77, A669640334BCA5B37DAA452B, C82C4802000D34C80379C12B, 7118A9E7A021CFBE71DA5C91, 7D3BAFA0198183FCA8959485, 5015E9E7EF0C46103A3305F2, 3D10B114117C70CD81EE0F1B, DC46DD3CF19562C068885DD1, A94CB7B65775A895E348438E, DD3DCEDD66D4D384CDAFEE87, 0EF6C88135A6362A6F6B631C, C8FBC516BB70DEA5CD912739, C24E294F792B041D5B03EA4F, 9B5250DF23141B7EAE7A13BE, 1F7CEA94A04EA89EA078DAEB, 4AA622504414C7DC83BBE04B ); runOnlyForDeploymentPostprocessing = 0; };
F7F3A08259BF75CDD342D5E2 = { isa = PBXResourcesBuildPhase; buildActionMask = 2147483647; files = ( C01CAD1D4483D13089BB362D, 18CF310102C96B6AAE8791CD, 9A1B97A7333CF2153736D3C0 ); runOnlyForDeploymentPostprocessing = 0; };
A6BF7678F79E777FD066A4E7 = { isa = PBXFrameworksBuildPhase; buildActionMask = 2147483647; files = (  ); runOnlyForDeploymentPostprocessing = 0; };
636CBDD58BF3253DCFF93903 = { isa = XCBuildConfiguration; name = "Debug"; baseConfigurationReference = F23F3A3D0A0CD68927DB9402; buildSettings = { SDKROOT = "iphoneos"; IPHONEOS_DEPLOYMENT_TARGET = "17.0"; SWIFT_VERSION = "5.0"; TARGETED_DEVICE_FAMILY = "1"; PRODUCT_NAME = "$(TARGET_NAME)"; PRODUCT_BUNDLE_IDENTIFIER = "com.aviator.aviator"; CODE_SIGN_STYLE = "Automatic"; SWIFT_OPTIMIZATION_LEVEL = "-Onone"; ENABLE_TESTABILITY = "YES"; SWIFT_ACTIVE_COMPILATION_CONDITIONS = "DEBUG"; INFOPLIST_FILE = "Aviator/Config/Info-Debug.plist"; GENERATE_INFOPLIST_FILE = "NO"; ASSETCATALOG_COMPILER_APPICON_NAME = "AppIcon"; }; };
3DB804DBEE932D338D3E0F6A = { isa = XCBuildConfiguration; name = "Release"; baseConfigurationReference = EAA8A24AA6B925403183BBAD; buildSettings = { SDKROOT = "iphoneos"; IPHONEOS_DEPLOYMENT_TARGET = "17.0"; SWIFT_VERSION = "5.0"; TARGETED_DEVICE_FAMILY = "1"; PRODUCT_NAME = "$(TARGET_NAME)"; PRODUCT_BUNDLE_IDENTIFIER = "com.aviator.aviator"; CODE_SIGN_STYLE = "Automatic"; SWIFT_OPTIMIZATION_LEVEL = "-O"; ENABLE_TESTABILITY = "NO"; SWIFT_ACTIVE_COMPILATION_CONDITIONS = ""; INFOPLIST_FILE = "Aviator/Config/Info-Release.plist"; GENERATE_INFOPLIST_FILE = "NO"; ASSETCATALOG_COMPILER_APPICON_NAME = "AppIcon"; }; };
0D1852D27E7493D547820569 = { isa = XCConfigurationList; buildConfigurations = ( 636CBDD58BF3253DCFF93903, 3DB804DBEE932D338D3E0F6A ); defaultConfigurationIsVisible = 0; defaultConfigurationName = "Release"; };
3615DE0E0481BE3A28539CC4 = { isa = PBXNativeTarget; buildConfigurationList = 0D1852D27E7493D547820569; buildPhases = ( 0CF6B3C75E2B1F4ABA6D3B79, A6BF7678F79E777FD066A4E7, F7F3A08259BF75CDD342D5E2 ); buildRules = (  ); dependencies = (  ); name = "Aviator"; productName = "Aviator"; productReference = 30C61BE3871346C60E6DDDAA; productType = "com.apple.product-type.application"; };
BD8625683B14AA16EFAA8C69 = { isa = PBXBuildFile; fileRef = 6165384AB41E15191E1EF753; };
EEBC0E682963CDCC5D4FB814 = { isa = PBXSourcesBuildPhase; buildActionMask = 2147483647; files = ( BD8625683B14AA16EFAA8C69 ); runOnlyForDeploymentPostprocessing = 0; };
07F033ED59E5107D5F8F28F0 = { isa = PBXResourcesBuildPhase; buildActionMask = 2147483647; files = (  ); runOnlyForDeploymentPostprocessing = 0; };
A3F706E0EF02DDCBC4918992 = { isa = PBXFrameworksBuildPhase; buildActionMask = 2147483647; files = (  ); runOnlyForDeploymentPostprocessing = 0; };
87540424C80F24C418D7EF25 = { isa = PBXContainerItemProxy; containerPortal = 98F54143AB4E86B28C3AFEE0; proxyType = 1; remoteGlobalIDString = 3615DE0E0481BE3A28539CC4; remoteInfo = "Aviator"; };
A5775F4D7D57AFB3ADC46455 = { isa = PBXTargetDependency; target = 3615DE0E0481BE3A28539CC4; targetProxy = 87540424C80F24C418D7EF25; };
6B37DC4CA8352231B492FE8B = { isa = XCBuildConfiguration; name = "Debug"; baseConfigurationReference = F23F3A3D0A0CD68927DB9402; buildSettings = { SDKROOT = "iphoneos"; IPHONEOS_DEPLOYMENT_TARGET = "17.0"; SWIFT_VERSION = "5.0"; TARGETED_DEVICE_FAMILY = "1"; PRODUCT_NAME = "$(TARGET_NAME)"; PRODUCT_BUNDLE_IDENTIFIER = "com.aviator.aviatortests"; CODE_SIGN_STYLE = "Automatic"; SWIFT_OPTIMIZATION_LEVEL = "-Onone"; ENABLE_TESTABILITY = "YES"; SWIFT_ACTIVE_COMPILATION_CONDITIONS = "DEBUG"; GENERATE_INFOPLIST_FILE = "YES"; TEST_HOST = "$(BUILT_PRODUCTS_DIR)/Aviator.app/$(BUNDLE_EXECUTABLE_FOLDER_PATH)/Aviator"; BUNDLE_LOADER = "$(TEST_HOST)"; }; };
07E67D070452295140314973 = { isa = XCBuildConfiguration; name = "Release"; baseConfigurationReference = EAA8A24AA6B925403183BBAD; buildSettings = { SDKROOT = "iphoneos"; IPHONEOS_DEPLOYMENT_TARGET = "17.0"; SWIFT_VERSION = "5.0"; TARGETED_DEVICE_FAMILY = "1"; PRODUCT_NAME = "$(TARGET_NAME)"; PRODUCT_BUNDLE_IDENTIFIER = "com.aviator.aviatortests"; CODE_SIGN_STYLE = "Automatic"; SWIFT_OPTIMIZATION_LEVEL = "-O"; ENABLE_TESTABILITY = "NO"; SWIFT_ACTIVE_COMPILATION_CONDITIONS = ""; GENERATE_INFOPLIST_FILE = "YES"; TEST_HOST = "$(BUILT_PRODUCTS_DIR)/Aviator.app/$(BUNDLE_EXECUTABLE_FOLDER_PATH)/Aviator"; BUNDLE_LOADER = "$(TEST_HOST)"; }; };
A9EA193591405B3194133570 = { isa = XCConfigurationList; buildConfigurations = ( 6B37DC4CA8352231B492FE8B, 07E67D070452295140314973 ); defaultConfigurationIsVisible = 0; defaultConfigurationName = "Release"; };
F667C9F518D6347C532D73C6 = { isa = PBXNativeTarget; buildConfigurationList = A9EA193591405B3194133570; buildPhases = ( EEBC0E682963CDCC5D4FB814, A3F706E0EF02DDCBC4918992, 07F033ED59E5107D5F8F28F0 ); buildRules = (  ); dependencies = ( A5775F4D7D57AFB3ADC46455 ); name = "AviatorTests"; productName = "AviatorTests"; productReference = 82985708577D2C758F31E2CA; productType = "com.apple.product-type.bundle.unit-test"; };
FEF0A8A5E44D5D75B0690F53 = { isa = PBXBuildFile; fileRef = AA3A8016E3AC6F107C5F6ED3; };
24B83FD6B10EADBF6798C1B0 = { isa = PBXSourcesBuildPhase; buildActionMask = 2147483647; files = ( FEF0A8A5E44D5D75B0690F53 ); runOnlyForDeploymentPostprocessing = 0; };
77F81222CAD0AFEABF04A6CD = { isa = PBXResourcesBuildPhase; buildActionMask = 2147483647; files = (  ); runOnlyForDeploymentPostprocessing = 0; };
773561C662991F3BC3F14BAF = { isa = PBXFrameworksBuildPhase; buildActionMask = 2147483647; files = (  ); runOnlyForDeploymentPostprocessing = 0; };
D6B596C8C2EB8D17442210C6 = { isa = PBXContainerItemProxy; containerPortal = 98F54143AB4E86B28C3AFEE0; proxyType = 1; remoteGlobalIDString = 3615DE0E0481BE3A28539CC4; remoteInfo = "Aviator"; };
E043F30ACE9FB14862301ADE = { isa = PBXTargetDependency; target = 3615DE0E0481BE3A28539CC4; targetProxy = D6B596C8C2EB8D17442210C6; };
8A11F32E8697E32416CAC37F = { isa = XCBuildConfiguration; name = "Debug"; baseConfigurationReference = F23F3A3D0A0CD68927DB9402; buildSettings = { SDKROOT = "iphoneos"; IPHONEOS_DEPLOYMENT_TARGET = "17.0"; SWIFT_VERSION = "5.0"; TARGETED_DEVICE_FAMILY = "1"; PRODUCT_NAME = "$(TARGET_NAME)"; PRODUCT_BUNDLE_IDENTIFIER = "com.aviator.aviatoruitests"; CODE_SIGN_STYLE = "Automatic"; SWIFT_OPTIMIZATION_LEVEL = "-Onone"; ENABLE_TESTABILITY = "YES"; SWIFT_ACTIVE_COMPILATION_CONDITIONS = "DEBUG"; GENERATE_INFOPLIST_FILE = "YES"; TEST_TARGET_NAME = "Aviator"; }; };
D79269D586F705F76383496F = { isa = XCBuildConfiguration; name = "Release"; baseConfigurationReference = EAA8A24AA6B925403183BBAD; buildSettings = { SDKROOT = "iphoneos"; IPHONEOS_DEPLOYMENT_TARGET = "17.0"; SWIFT_VERSION = "5.0"; TARGETED_DEVICE_FAMILY = "1"; PRODUCT_NAME = "$(TARGET_NAME)"; PRODUCT_BUNDLE_IDENTIFIER = "com.aviator.aviatoruitests"; CODE_SIGN_STYLE = "Automatic"; SWIFT_OPTIMIZATION_LEVEL = "-O"; ENABLE_TESTABILITY = "NO"; SWIFT_ACTIVE_COMPILATION_CONDITIONS = ""; GENERATE_INFOPLIST_FILE = "YES"; TEST_TARGET_NAME = "Aviator"; }; };
F81FE518551F162FEE8C37EC = { isa = XCConfigurationList; buildConfigurations = ( 8A11F32E8697E32416CAC37F, D79269D586F705F76383496F ); defaultConfigurationIsVisible = 0; defaultConfigurationName = "Release"; };
E7DB2A425DA0008C0462A7DD = { isa = PBXNativeTarget; buildConfigurationList = F81FE518551F162FEE8C37EC; buildPhases = ( 24B83FD6B10EADBF6798C1B0, 773561C662991F3BC3F14BAF, 77F81222CAD0AFEABF04A6CD ); buildRules = (  ); dependencies = ( E043F30ACE9FB14862301ADE ); name = "AviatorUITests"; productName = "AviatorUITests"; productReference = F48E9200244A55EA347BEF24; productType = "com.apple.product-type.bundle.ui-testing"; };
89E1FD6268CC0F221A2BE178 = { isa = XCBuildConfiguration; buildSettings = { CLANG_ENABLE_MODULES = "YES"; CLANG_ENABLE_OBJC_ARC = "YES"; SDKROOT = "iphoneos"; IPHONEOS_DEPLOYMENT_TARGET = "17.0"; SWIFT_VERSION = "5.0"; }; name = "Debug"; };
E6DE6C99132752C914FEF632 = { isa = XCBuildConfiguration; buildSettings = { CLANG_ENABLE_MODULES = "YES"; CLANG_ENABLE_OBJC_ARC = "YES"; SDKROOT = "iphoneos"; IPHONEOS_DEPLOYMENT_TARGET = "17.0"; SWIFT_VERSION = "5.0"; }; name = "Release"; };
862894B703A6DEDF96A9DD6C = { isa = XCConfigurationList; buildConfigurations = ( 89E1FD6268CC0F221A2BE178, E6DE6C99132752C914FEF632 ); defaultConfigurationIsVisible = 0; defaultConfigurationName = "Release"; };
98F54143AB4E86B28C3AFEE0 = { isa = PBXProject; attributes = { LastUpgradeCheck = 1600; }; buildConfigurationList = 862894B703A6DEDF96A9DD6C; compatibilityVersion = "Xcode 14.0"; developmentRegion = "ru"; hasScannedForEncodings = 0; knownRegions = ( "ru", "en", "Base" ); mainGroup = 325F10A6957A34D66CB8C0E4; productRefGroup = 1EE63A94BAD0DF0FCB0E7B8C; projectDirPath = ""; projectRoot = ""; targets = ( 3615DE0E0481BE3A28539CC4, F667C9F518D6347C532D73C6, E7DB2A425DA0008C0462A7DD ); };
};
rootObject = 98F54143AB4E86B28C3AFEE0;
}
